
Microsoft Visual Studio Solution File, Format Version 12.00
# Visual Studio Version 16
VisualStudioVersion = 16.0.30804.86
MinimumVisualStudioVersion = 10.0.40219.1
Project("{2150E333-8FDC-42A3-9474-1A3956D46DE8}") = "src", "src", "{B0B3C51E-1A74-4086-9B9A-409E714F6068}"
EndProject
Project("{9A19103F-16F7-4668-BE54-9A1E7A4F7556}") = "ReadingIsGood.Api", "src\ReadingIsGood.Api\ReadingIsGood.Api.csproj", "{FA7C212B-233A-45F6-BA13-A82333114AAB}"
EndProject
Project("{9A19103F-16F7-4668-BE54-9A1E7A4F7556}") = "ReadingIsGood.Common", "src\ReadingIsGood.Common\ReadingIsGood.Common.csproj", "{8E65DA36-8154-4035-9935-19CB747784E9}"
EndProject
Project("{9A19103F-16F7-4668-BE54-9A1E7A4F7556}") = "ReadingIsGood.Core", "src\ReadingIsGood.Core\ReadingIsGood.Core.csproj", "{5EA2507B-BB2C-4366-94A4-9E3DD515F366}"
EndProject
Project("{2150E333-8FDC-42A3-9474-1A3956D46DE8}") = "Solution Items", "Solution Items", "{E0D27792-CA5F-4C27-BEB6-10B8012321F2}"
	ProjectSection(SolutionItems) = preProject
		docker-compose.yml = docker-compose.yml
		Dockerfile = Dockerfile
	EndProjectSection
EndProject
Project("{9A19103F-16F7-4668-BE54-9A1E7A4F7556}") = "ReadingIsGood.Application", "src\ReadingIsGood.Application\ReadingIsGood.Application.csproj", "{7DFDB8C9-B7CC-4112-BA77-9C35D93FD415}"
EndProject
Project("{FAE04EC0-301F-11D3-BF4B-00C04F79EFBC}") = "ReadingIsGood.MongoDB", "src\ReadingIsGood.MongoDB\ReadingIsGood.MongoDB.csproj", "{9444B9CE-2322-40CE-BDD9-5FBD4B7BDDF2}"
EndProject
Global
	GlobalSection(SolutionConfigurationPlatforms) = preSolution
		Debug|Any CPU = Debug|Any CPU
		Release|Any CPU = Release|Any CPU
	EndGlobalSection
	GlobalSection(ProjectConfigurationPlatforms) = postSolution
		{FA7C212B-233A-45F6-BA13-A82333114AAB}.Debug|Any CPU.ActiveCfg = Debug|Any CPU
		{FA7C212B-233A-45F6-BA13-A82333114AAB}.Debug|Any CPU.Build.0 = Debug|Any CPU
		{FA7C212B-233A-45F6-BA13-A82333114AAB}.Release|Any CPU.ActiveCfg = Release|Any CPU
		{FA7C212B-233A-45F6-BA13-A82333114AAB}.Release|Any CPU.Build.0 = Release|Any CPU
		{8E65DA36-8154-4035-9935-19CB747784E9}.Debug|Any CPU.ActiveCfg = Debug|Any CPU
		{8E65DA36-8154-4035-9935-19CB747784E9}.Debug|Any CPU.Build.0 = Debug|Any CPU
		{8E65DA36-8154-4035-9935-19CB747784E9}.Release|Any CPU.ActiveCfg = Release|Any CPU
		{8E65DA36-8154-4035-9935-19CB747784E9}.Release|Any CPU.Build.0 = Release|Any CPU
		{5EA2507B-BB2C-4366-94A4-9E3DD515F366}.Debug|Any CPU.ActiveCfg = Debug|Any CPU
		{5EA2507B-BB2C-4366-94A4-9E3DD515F366}.Debug|Any CPU.Build.0 = Debug|Any CPU
		{5EA2507B-BB2C-4366-94A4-9E3DD515F366}.Release|Any CPU.ActiveCfg = Release|Any CPU
		{5EA2507B-BB2C-4366-94A4-9E3DD515F366}.Release|Any CPU.Build.0 = Release|Any CPU
		{7DFDB8C9-B7CC-4112-BA77-9C35D93FD415}.Debug|Any CPU.ActiveCfg = Debug|Any CPU
		{7DFDB8C9-B7CC-4112-BA77-9C35D93FD415}.Debug|Any CPU.Build.0 = Debug|Any CPU
		{7DFDB8C9-B7CC-4112-BA77-9C35D93FD415}.Release|Any CPU.ActiveCfg = Release|Any CPU
		{7DFDB8C9-B7CC-4112-BA77-9C35D93FD415}.Release|Any CPU.Build.0 = Release|Any CPU
		{9444B9CE-2322-40CE-BDD9-5FBD4B7BDDF2}.Debug|Any CPU.ActiveCfg = Debug|Any CPU
		{9444B9CE-2322-40CE-BDD9-5FBD4B7BDDF2}.Debug|Any CPU.Build.0 = Debug|Any CPU
		{9444B9CE-2322-40CE-BDD9-5FBD4B7BDDF2}.Release|Any CPU.ActiveCfg = Release|Any CPU
		{9444B9CE-2322-40CE-BDD9-5FBD4B7BDDF2}.Release|Any CPU.Build.0 = Release|Any CPU
	EndGlobalSection
	GlobalSection(SolutionProperties) = preSolution
		HideSolutionNode = FALSE
	EndGlobalSection
	GlobalSection(NestedProjects) = preSolution
		{FA7C212B-233A-45F6-BA13-A82333114AAB} = {B0B3C51E-1A74-4086-9B9A-409E714F6068}
		{8E65DA36-8154-4035-9935-19CB747784E9} = {B0B3C51E-1A74-4086-9B9A-409E714F6068}
		{5EA2507B-BB2C-4366-94A4-9E3DD515F366} = {B0B3C51E-1A74-4086-9B9A-409E714F6068}
		{7DFDB8C9-B7CC-4112-BA77-9C35D93FD415} = {B0B3C51E-1A74-4086-9B9A-409E714F6068}
		{9444B9CE-2322-40CE-BDD9-5FBD4B7BDDF2} = {B0B3C51E-1A74-4086-9B9A-409E714F6068}
	EndGlobalSection
	GlobalSection(ExtensibilityGlobals) = postSolution
		SolutionGuid = {93D7ED13-B067-4847-90FF-603E6800486D}
	EndGlobalSection
EndGlobal
